
Microsoft Visual Studio Solution File, Format Version 12.00
# Visual Studio 2012
Project("{FAE04EC0-301F-11D3-BF4B-00C04F79EFBC}") = "ECS", "ECS.csproj", "{B41E884C-0A02-462E-B49D-7C600B45CA7C}"
	ProjectSection(ProjectDependencies) = postProject
		{7DF725F2-B4EB-4CEB-95B2-189BC7303DC4} = {7DF725F2-B4EB-4CEB-95B2-189BC7303DC4}
	EndProjectSection
EndProject
Project("{FAE04EC0-301F-11D3-BF4B-00C04F79EFBC}") = "ECS.BLL", "ECS.BLL\ECS.BLL.csproj", "{DBBD3A26-C0A8-4ACD-B99F-684B276D9126}"
EndProject
Project("{FAE04EC0-301F-11D3-BF4B-00C04F79EFBC}") = "ECS.DAL", "ECS.DAL\ECS.DAL.csproj", "{7DF725F2-B4EB-4CEB-95B2-189BC7303DC4}"
EndProject
Project("{FAE04EC0-301F-11D3-BF4B-00C04F79EFBC}") = "ECS.Model", "ECS.Model\ECS.Model.csproj", "{FBE5E291-5F46-48EF-929E-8D6219B2CC92}"
EndProject
Project("{2150E333-8FDC-42A3-9474-1A3956D46DE8}") = ".nuget", ".nuget", "{817FC5CB-3A20-449E-9C0D-F08C287F1283}"
	ProjectSection(SolutionItems) = preProject
		.nuget\NuGet.Config = .nuget\NuGet.Config
		.nuget\NuGet.exe = .nuget\NuGet.exe
		.nuget\NuGet.targets = .nuget\NuGet.targets
	EndProjectSection
EndProject
Global
	GlobalSection(SolutionConfigurationPlatforms) = preSolution
		Debug|Any CPU = Debug|Any CPU
		Release|Any CPU = Release|Any CPU
	EndGlobalSection
	GlobalSection(ProjectConfigurationPlatforms) = postSolution
		{B41E884C-0A02-462E-B49D-7C600B45CA7C}.Debug|Any CPU.ActiveCfg = Debug|Any CPU
		{B41E884C-0A02-462E-B49D-7C600B45CA7C}.Debug|Any CPU.Build.0 = Debug|Any CPU
		{B41E884C-0A02-462E-B49D-7C600B45CA7C}.Release|Any CPU.ActiveCfg = Release|Any CPU
		{B41E884C-0A02-462E-B49D-7C600B45CA7C}.Release|Any CPU.Build.0 = Release|Any CPU
		{DBBD3A26-C0A8-4ACD-B99F-684B276D9126}.Debug|Any CPU.ActiveCfg = Debug|Any CPU
		{DBBD3A26-C0A8-4ACD-B99F-684B276D9126}.Debug|Any CPU.Build.0 = Debug|Any CPU
		{DBBD3A26-C0A8-4ACD-B99F-684B276D9126}.Release|Any CPU.ActiveCfg = Release|Any CPU
		{DBBD3A26-C0A8-4ACD-B99F-684B276D9126}.Release|Any CPU.Build.0 = Release|Any CPU
		{7DF725F2-B4EB-4CEB-95B2-189BC7303DC4}.Debug|Any CPU.ActiveCfg = Debug|Any CPU
		{7DF725F2-B4EB-4CEB-95B2-189BC7303DC4}.Debug|Any CPU.Build.0 = Debug|Any CPU
		{7DF725F2-B4EB-4CEB-95B2-189BC7303DC4}.Release|Any CPU.ActiveCfg = Release|Any CPU
		{7DF725F2-B4EB-4CEB-95B2-189BC7303DC4}.Release|Any CPU.Build.0 = Release|Any CPU
		{FBE5E291-5F46-48EF-929E-8D6219B2CC92}.Debug|Any CPU.ActiveCfg = Debug|Any CPU
		{FBE5E291-5F46-48EF-929E-8D6219B2CC92}.Debug|Any CPU.Build.0 = Debug|Any CPU
		{FBE5E291-5F46-48EF-929E-8D6219B2CC92}.Release|Any CPU.ActiveCfg = Release|Any CPU
		{FBE5E291-5F46-48EF-929E-8D6219B2CC92}.Release|Any CPU.Build.0 = Release|Any CPU
	EndGlobalSection
	GlobalSection(SolutionProperties) = preSolution
		HideSolutionNode = FALSE
	EndGlobalSection
EndGlobal
